// !$*UTF8*$!
{
	archiveVersion = 1;
	classes = {
	};
	objectVersion = 46;
	objects = {

/* Begin PBXBuildFile section */
		CE617CF11E7BC79F00F4C0EB /* Swifter.framework in Frameworks */ = {isa = PBXBuildFile; fileRef = CE617CEA1E7BC6E200F4C0EB /* Swifter.framework */; };
		CE6753D51E7A7A2E00BB4AFC /* SwiftchainServer.swift in Sources */ = {isa = PBXBuildFile; fileRef = CE6753D41E7A7A2E00BB4AFC /* SwiftchainServer.swift */; };
		CEBA5F351E73FC1000EAC90E /* main.swift in Sources */ = {isa = PBXBuildFile; fileRef = CEBA5F341E73FC1000EAC90E /* main.swift */; };
		CEBA5F3C1E73FCC000EAC90E /* Block.swift in Sources */ = {isa = PBXBuildFile; fileRef = CEBA5F3B1E73FCC000EAC90E /* Block.swift */; };
		CEF0ADEB1E74082700E4BFC5 /* Swiftchain.swift in Sources */ = {isa = PBXBuildFile; fileRef = CEF0ADEA1E74082700E4BFC5 /* Swiftchain.swift */; };
/* End PBXBuildFile section */

/* Begin PBXContainerItemProxy section */
		CE617CE31E7BC6E200F4C0EB /* PBXContainerItemProxy */ = {
			isa = PBXContainerItemProxy;
			containerPortal = CE617CD91E7BC6E200F4C0EB /* Swifter.xcodeproj */;
			proxyType = 2;
			remoteGlobalIDString = 7C839B6E19422CFF003A6950;
			remoteInfo = SwifterSampleiOS;
		};
		CE617CE51E7BC6E200F4C0EB /* PBXContainerItemProxy */ = {
			isa = PBXContainerItemProxy;
			containerPortal = CE617CD91E7BC6E200F4C0EB /* Swifter.xcodeproj */;
			proxyType = 2;
			remoteGlobalIDString = 7CA4813B19A2EA8D0030B30D;
			remoteInfo = SwifterSampleOSX;
		};
		CE617CE71E7BC6E200F4C0EB /* PBXContainerItemProxy */ = {
			isa = PBXContainerItemProxy;
			containerPortal = CE617CD91E7BC6E200F4C0EB /* Swifter.xcodeproj */;
			proxyType = 2;
			remoteGlobalIDString = 7AE893E71C05127900A29F63;
			remoteInfo = SwifteriOS;
		};
		CE617CE91E7BC6E200F4C0EB /* PBXContainerItemProxy */ = {
			isa = PBXContainerItemProxy;
			containerPortal = CE617CD91E7BC6E200F4C0EB /* Swifter.xcodeproj */;
			proxyType = 2;
			remoteGlobalIDString = 7AE893FB1C0512C400A29F63;
			remoteInfo = SwifterMac;
		};
		CE617CEB1E7BC6E200F4C0EB /* PBXContainerItemProxy */ = {
			isa = PBXContainerItemProxy;
			containerPortal = CE617CD91E7BC6E200F4C0EB /* Swifter.xcodeproj */;
			proxyType = 2;
			remoteGlobalIDString = 269B47A11D3AAAE20042D137;
			remoteInfo = SwiftertvOS;
		};
		CE617CED1E7BC6E200F4C0EB /* PBXContainerItemProxy */ = {
			isa = PBXContainerItemProxy;
			containerPortal = CE617CD91E7BC6E200F4C0EB /* Swifter.xcodeproj */;
			proxyType = 2;
			remoteGlobalIDString = 7CCD875C1C66099B0068099B;
			remoteInfo = SwifteriOSTests;
		};
		CE617CEF1E7BC6E200F4C0EB /* PBXContainerItemProxy */ = {
			isa = PBXContainerItemProxy;
			containerPortal = CE617CD91E7BC6E200F4C0EB /* Swifter.xcodeproj */;
			proxyType = 2;
			remoteGlobalIDString = 7CCD87791C660EA30068099B;
			remoteInfo = SwifterOSXTests;
		};
/* End PBXContainerItemProxy section */

/* Begin PBXCopyFilesBuildPhase section */
		CEBA5F2F1E73FC1000EAC90E /* CopyFiles */ = {
			isa = PBXCopyFilesBuildPhase;
			buildActionMask = 2147483647;
			dstPath = /usr/share/man/man1/;
			dstSubfolderSpec = 0;
			files = (
			);
			runOnlyForDeploymentPostprocessing = 1;
		};
/* End PBXCopyFilesBuildPhase section */

/* Begin PBXFileReference section */
		CE617CD91E7BC6E200F4C0EB /* Swifter.xcodeproj */ = {isa = PBXFileReference; lastKnownFileType = "wrapper.pb-project"; name = Swifter.xcodeproj; path = ../../Swifter/swifter/XCode/Swifter.xcodeproj; sourceTree = "<group>"; };
		CE6753D41E7A7A2E00BB4AFC /* SwiftchainServer.swift */ = {isa = PBXFileReference; fileEncoding = 4; lastKnownFileType = sourcecode.swift; path = SwiftchainServer.swift; sourceTree = "<group>"; };
		CEBA5F311E73FC1000EAC90E /* Swiftchain */ = {isa = PBXFileReference; explicitFileType = "compiled.mach-o.executable"; includeInIndex = 0; path = Swiftchain; sourceTree = BUILT_PRODUCTS_DIR; };
		CEBA5F341E73FC1000EAC90E /* main.swift */ = {isa = PBXFileReference; lastKnownFileType = sourcecode.swift; path = main.swift; sourceTree = "<group>"; };
		CEBA5F3B1E73FCC000EAC90E /* Block.swift */ = {isa = PBXFileReference; fileEncoding = 4; lastKnownFileType = sourcecode.swift; path = Block.swift; sourceTree = "<group>"; };
		CEF0ADEA1E74082700E4BFC5 /* Swiftchain.swift */ = {isa = PBXFileReference; fileEncoding = 4; lastKnownFileType = sourcecode.swift; path = Swiftchain.swift; sourceTree = "<group>"; };
		CEF0ADEC1E7410DD00E4BFC5 /* SwiftchainBridgingHeader.h */ = {isa = PBXFileReference; lastKnownFileType = sourcecode.c.h; path = SwiftchainBridgingHeader.h; sourceTree = "<group>"; };
/* End PBXFileReference section */

/* Begin PBXFrameworksBuildPhase section */
		CEBA5F2E1E73FC1000EAC90E /* Frameworks */ = {
			isa = PBXFrameworksBuildPhase;
			buildActionMask = 2147483647;
			files = (
				CE617CF11E7BC79F00F4C0EB /* Swifter.framework in Frameworks */,
			);
			runOnlyForDeploymentPostprocessing = 0;
		};
/* End PBXFrameworksBuildPhase section */

/* Begin PBXGroup section */
		CE617CD81E7BC6E200F4C0EB /* Frameworks */ = {
			isa = PBXGroup;
			children = (
				CE617CD91E7BC6E200F4C0EB /* Swifter.xcodeproj */,
			);
			name = Frameworks;
			sourceTree = "<group>";
		};
		CE617CDA1E7BC6E200F4C0EB /* Products */ = {
			isa = PBXGroup;
			children = (
				CE617CE41E7BC6E200F4C0EB /* SwifterSampleiOS.app */,
				CE617CE61E7BC6E200F4C0EB /* SwifterSampleOSX */,
				CE617CE81E7BC6E200F4C0EB /* Swifter.framework */,
				CE617CEA1E7BC6E200F4C0EB /* Swifter.framework */,
				CE617CEC1E7BC6E200F4C0EB /* Swifter.framework */,
				CE617CEE1E7BC6E200F4C0EB /* SwifteriOSTests.xctest */,
				CE617CF01E7BC6E200F4C0EB /* SwifterOSXTests.xctest */,
			);
			name = Products;
			sourceTree = "<group>";
		};
		CEBA5F281E73FC1000EAC90E = {
			isa = PBXGroup;
			children = (
				CEBA5F331E73FC1000EAC90E /* Swiftchain */,
				CEBA5F321E73FC1000EAC90E /* Products */,
				CE617CD81E7BC6E200F4C0EB /* Frameworks */,
			);
			sourceTree = "<group>";
		};
		CEBA5F321E73FC1000EAC90E /* Products */ = {
			isa = PBXGroup;
			children = (
				CEBA5F311E73FC1000EAC90E /* Swiftchain */,
			);
			name = Products;
			sourceTree = "<group>";
		};
		CEBA5F331E73FC1000EAC90E /* Swiftchain */ = {
			isa = PBXGroup;
			children = (
				CEBA5F341E73FC1000EAC90E /* main.swift */,
				CEBA5F3B1E73FCC000EAC90E /* Block.swift */,
				CEF0ADEA1E74082700E4BFC5 /* Swiftchain.swift */,
				CEF0ADEC1E7410DD00E4BFC5 /* SwiftchainBridgingHeader.h */,
				CE6753D41E7A7A2E00BB4AFC /* SwiftchainServer.swift */,
			);
			path = Swiftchain;
			sourceTree = "<group>";
		};
/* End PBXGroup section */

/* Begin PBXNativeTarget section */
		CEBA5F301E73FC1000EAC90E /* Swiftchain */ = {
			isa = PBXNativeTarget;
			buildConfigurationList = CEBA5F381E73FC1000EAC90E /* Build configuration list for PBXNativeTarget "Swiftchain" */;
			buildPhases = (
				CEBA5F2D1E73FC1000EAC90E /* Sources */,
				CEBA5F2E1E73FC1000EAC90E /* Frameworks */,
				CEBA5F2F1E73FC1000EAC90E /* CopyFiles */,
			);
			buildRules = (
			);
			dependencies = (
			);
			name = Swiftchain;
			productName = Swiftchain;
			productReference = CEBA5F311E73FC1000EAC90E /* Swiftchain */;
			productType = "com.apple.product-type.tool";
		};
/* End PBXNativeTarget section */

/* Begin PBXProject section */
		CEBA5F291E73FC1000EAC90E /* Project object */ = {
			isa = PBXProject;
			attributes = {
				LastSwiftUpdateCheck = 0820;
				LastUpgradeCheck = 0820;
				ORGANIZATIONNAME = "Albertino Padin";
				TargetAttributes = {
					CEBA5F301E73FC1000EAC90E = {
						CreatedOnToolsVersion = 8.2.1;
						DevelopmentTeam = W6KXUJP8M6;
						ProvisioningStyle = Automatic;
					};
				};
			};
			buildConfigurationList = CEBA5F2C1E73FC1000EAC90E /* Build configuration list for PBXProject "Swiftchain" */;
			compatibilityVersion = "Xcode 3.2";
			developmentRegion = English;
			hasScannedForEncodings = 0;
			knownRegions = (
				en,
			);
			mainGroup = CEBA5F281E73FC1000EAC90E;
			productRefGroup = CEBA5F321E73FC1000EAC90E /* Products */;
			projectDirPath = "";
			projectReferences = (
				{
					ProductGroup = CE617CDA1E7BC6E200F4C0EB /* Products */;
					ProjectRef = CE617CD91E7BC6E200F4C0EB /* Swifter.xcodeproj */;
				},
			);
			projectRoot = "";
			targets = (
				CEBA5F301E73FC1000EAC90E /* Swiftchain */,
			);
		};
/* End PBXProject section */

/* Begin PBXReferenceProxy section */
		CE617CE41E7BC6E200F4C0EB /* SwifterSampleiOS.app */ = {
			isa = PBXReferenceProxy;
			fileType = wrapper.application;
			path = SwifterSampleiOS.app;
			remoteRef = CE617CE31E7BC6E200F4C0EB /* PBXContainerItemProxy */;
			sourceTree = BUILT_PRODUCTS_DIR;
		};
		CE617CE61E7BC6E200F4C0EB /* SwifterSampleOSX */ = {
			isa = PBXReferenceProxy;
			fileType = "compiled.mach-o.executable";
			path = SwifterSampleOSX;
			remoteRef = CE617CE51E7BC6E200F4C0EB /* PBXContainerItemProxy */;
			sourceTree = BUILT_PRODUCTS_DIR;
		};
		CE617CE81E7BC6E200F4C0EB /* Swifter.framework */ = {
			isa = PBXReferenceProxy;
			fileType = wrapper.framework;
			path = Swifter.framework;
			remoteRef = CE617CE71E7BC6E200F4C0EB /* PBXContainerItemProxy */;
			sourceTree = BUILT_PRODUCTS_DIR;
		};
		CE617CEA1E7BC6E200F4C0EB /* Swifter.framework */ = {
			isa = PBXReferenceProxy;
			fileType = wrapper.framework;
			path = Swifter.framework;
			remoteRef = CE617CE91E7BC6E200F4C0EB /* PBXContainerItemProxy */;
			sourceTree = BUILT_PRODUCTS_DIR;
		};
		CE617CEC1E7BC6E200F4C0EB /* Swifter.framework */ = {
			isa = PBXReferenceProxy;
			fileType = wrapper.framework;
			path = Swifter.framework;
			remoteRef = CE617CEB1E7BC6E200F4C0EB /* PBXContainerItemProxy */;
			sourceTree = BUILT_PRODUCTS_DIR;
		};
		CE617CEE1E7BC6E200F4C0EB /* SwifteriOSTests.xctest */ = {
			isa = PBXReferenceProxy;
			fileType = wrapper.cfbundle;
			path = SwifteriOSTests.xctest;
			remoteRef = CE617CED1E7BC6E200F4C0EB /* PBXContainerItemProxy */;
			sourceTree = BUILT_PRODUCTS_DIR;
		};
		CE617CF01E7BC6E200F4C0EB /* SwifterOSXTests.xctest */ = {
			isa = PBXReferenceProxy;
			fileType = wrapper.cfbundle;
			path = SwifterOSXTests.xctest;
			remoteRef = CE617CEF1E7BC6E200F4C0EB /* PBXContainerItemProxy */;
			sourceTree = BUILT_PRODUCTS_DIR;
		};
/* End PBXReferenceProxy section */

/* Begin PBXSourcesBuildPhase section */
		CEBA5F2D1E73FC1000EAC90E /* Sources */ = {
			isa = PBXSourcesBuildPhase;
			buildActionMask = 2147483647;
			files = (
				CE6753D51E7A7A2E00BB4AFC /* SwiftchainServer.swift in Sources */,
				CEBA5F351E73FC1000EAC90E /* main.swift in Sources */,
				CEF0ADEB1E74082700E4BFC5 /* Swiftchain.swift in Sources */,
				CEBA5F3C1E73FCC000EAC90E /* Block.swift in Sources */,
			);
			runOnlyForDeploymentPostprocessing = 0;
		};
/* End PBXSourcesBuildPhase section */

/* Begin XCBuildConfiguration section */
		CEBA5F361E73FC1000EAC90E /* Debug */ = {
			isa = XCBuildConfiguration;
			buildSettings = {
				ALWAYS_SEARCH_USER_PATHS = NO;
				CLANG_ANALYZER_NONNULL = YES;
				CLANG_CXX_LANGUAGE_STANDARD = "gnu++0x";
				CLANG_CXX_LIBRARY = "libc++";
				CLANG_ENABLE_MODULES = YES;
				CLANG_ENABLE_OBJC_ARC = YES;
				CLANG_WARN_BOOL_CONVERSION = YES;
				CLANG_WARN_CONSTANT_CONVERSION = YES;
				CLANG_WARN_DIRECT_OBJC_ISA_USAGE = YES_ERROR;
				CLANG_WARN_DOCUMENTATION_COMMENTS = YES;
				CLANG_WARN_EMPTY_BODY = YES;
				CLANG_WARN_ENUM_CONVERSION = YES;
				CLANG_WARN_INFINITE_RECURSION = YES;
				CLANG_WARN_INT_CONVERSION = YES;
				CLANG_WARN_OBJC_ROOT_CLASS = YES_ERROR;
				CLANG_WARN_SUSPICIOUS_MOVE = YES;
				CLANG_WARN_UNREACHABLE_CODE = YES;
				CLANG_WARN__DUPLICATE_METHOD_MATCH = YES;
				CODE_SIGN_IDENTITY = "-";
				COPY_PHASE_STRIP = NO;
				DEBUG_INFORMATION_FORMAT = dwarf;
				ENABLE_STRICT_OBJC_MSGSEND = YES;
				ENABLE_TESTABILITY = YES;
				GCC_C_LANGUAGE_STANDARD = gnu99;
				GCC_DYNAMIC_NO_PIC = NO;
				GCC_NO_COMMON_BLOCKS = YES;
				GCC_OPTIMIZATION_LEVEL = 0;
				GCC_PREPROCESSOR_DEFINITIONS = (
					"DEBUG=1",
					"$(inherited)",
				);
				GCC_WARN_64_TO_32_BIT_CONVERSION = YES;
				GCC_WARN_ABOUT_RETURN_TYPE = YES_ERROR;
				GCC_WARN_UNDECLARED_SELECTOR = YES;
				GCC_WARN_UNINITIALIZED_AUTOS = YES_AGGRESSIVE;
				GCC_WARN_UNUSED_FUNCTION = YES;
				GCC_WARN_UNUSED_VARIABLE = YES;
				LLVM_LTO = YES_THIN;
				MACOSX_DEPLOYMENT_TARGET = 10.12;
				MTL_ENABLE_DEBUG_INFO = YES;
				ONLY_ACTIVE_ARCH = YES;
				SDKROOT = macosx;
				SWIFT_OPTIMIZATION_LEVEL = "-Onone";
			};
			name = Debug;
		};
		CEBA5F371E73FC1000EAC90E /* Release */ = {
			isa = XCBuildConfiguration;
			buildSettings = {
				ALWAYS_SEARCH_USER_PATHS = NO;
				CLANG_ANALYZER_NONNULL = YES;
				CLANG_CXX_LANGUAGE_STANDARD = "gnu++0x";
				CLANG_CXX_LIBRARY = "libc++";
				CLANG_ENABLE_MODULES = YES;
				CLANG_ENABLE_OBJC_ARC = YES;
				CLANG_WARN_BOOL_CONVERSION = YES;
				CLANG_WARN_CONSTANT_CONVERSION = YES;
				CLANG_WARN_DIRECT_OBJC_ISA_USAGE = YES_ERROR;
				CLANG_WARN_DOCUMENTATION_COMMENTS = YES;
				CLANG_WARN_EMPTY_BODY = YES;
				CLANG_WARN_ENUM_CONVERSION = YES;
				CLANG_WARN_INFINITE_RECURSION = YES;
				CLANG_WARN_INT_CONVERSION = YES;
				CLANG_WARN_OBJC_ROOT_CLASS = YES_ERROR;
				CLANG_WARN_SUSPICIOUS_MOVE = YES;
				CLANG_WARN_UNREACHABLE_CODE = YES;
				CLANG_WARN__DUPLICATE_METHOD_MATCH = YES;
				CODE_SIGN_IDENTITY = "-";
				COPY_PHASE_STRIP = NO;
				DEBUG_INFORMATION_FORMAT = "dwarf-with-dsym";
				ENABLE_NS_ASSERTIONS = NO;
				ENABLE_STRICT_OBJC_MSGSEND = YES;
				GCC_C_LANGUAGE_STANDARD = gnu99;
				GCC_NO_COMMON_BLOCKS = YES;
				GCC_OPTIMIZATION_LEVEL = s;
				GCC_WARN_64_TO_32_BIT_CONVERSION = YES;
				GCC_WARN_ABOUT_RETURN_TYPE = YES_ERROR;
				GCC_WARN_UNDECLARED_SELECTOR = YES;
				GCC_WARN_UNINITIALIZED_AUTOS = YES_AGGRESSIVE;
				GCC_WARN_UNUSED_FUNCTION = YES;
				GCC_WARN_UNUSED_VARIABLE = YES;
				LLVM_LTO = YES_THIN;
				MACOSX_DEPLOYMENT_TARGET = 10.12;
				MTL_ENABLE_DEBUG_INFO = NO;
				SDKROOT = macosx;
				SWIFT_OPTIMIZATION_LEVEL = "-Owholemodule";
			};
			name = Release;
		};
		CEBA5F391E73FC1000EAC90E /* Debug */ = {
			isa = XCBuildConfiguration;
			buildSettings = {
				DEVELOPMENT_TEAM = W6KXUJP8M6;
				PRODUCT_NAME = "$(TARGET_NAME)";
				SWIFT_OBJC_BRIDGING_HEADER = Swiftchain/SwiftchainBridgingHeader.h;
				SWIFT_VERSION = 3.0;
			};
			name = Debug;
		};
		CEBA5F3A1E73FC1000EAC90E /* Release */ = {
			isa = XCBuildConfiguration;
			buildSettings = {
				DEVELOPMENT_TEAM = W6KXUJP8M6;
				PRODUCT_NAME = "$(TARGET_NAME)";
				SWIFT_OBJC_BRIDGING_HEADER = Swiftchain/SwiftchainBridgingHeader.h;
				SWIFT_VERSION = 3.0;
			};
			name = Release;
		};
/* End XCBuildConfiguration section */

/* Begin XCConfigurationList section */
		CEBA5F2C1E73FC1000EAC90E /* Build configuration list for PBXProject "Swiftchain" */ = {
			isa = XCConfigurationList;
			buildConfigurations = (
				CEBA5F361E73FC1000EAC90E /* Debug */,
				CEBA5F371E73FC1000EAC90E /* Release */,
			);
			defaultConfigurationIsVisible = 0;
			defaultConfigurationName = Release;
		};
		CEBA5F381E73FC1000EAC90E /* Build configuration list for PBXNativeTarget "Swiftchain" */ = {
			isa = XCConfigurationList;
			buildConfigurations = (
				CEBA5F391E73FC1000EAC90E /* Debug */,
				CEBA5F3A1E73FC1000EAC90E /* Release */,
			);
			defaultConfigurationIsVisible = 0;
			defaultConfigurationName = Release;
		};
/* End XCConfigurationList section */
	};
	rootObject = CEBA5F291E73FC1000EAC90E /* Project object */;
}
